
Microsoft Visual Studio Solution File, Format Version 12.00
# Visual Studio Version 16
VisualStudioVersion = 16.0.31025.218
MinimumVisualStudioVersion = 10.0.40219.1
Project("{9A19103F-16F7-4668-BE54-9A1E7A4F7556}") = "SchedulerContextFlyout_Desktop", "SchedulerContextFlyout_Desktop.csproj", "{901A1C12-1D70-4464-A33F-FBBF974A99F5}"
EndProject
Project("{C7167F0D-BC9F-4E6E-AFE1-012C56B48DB5}") = "SchedulerContextFlyout_Desktop (Package)", "SchedulerContextFlyout_Desktop\SchedulerContextFlyout_Desktop (Package)\SchedulerContextFlyout_Desktop (Package).wapproj", "{45FAAA2D-9FDD-42B5-8681-DA26ECE02351}"
EndProject
Global
	GlobalSection(SolutionConfigurationPlatforms) = preSolution
		Debug|arm64 = Debug|arm64
		Debug|x64 = Debug|x64
		Debug|x86 = Debug|x86
		Release|arm64 = Release|arm64
		Release|x64 = Release|x64
		Release|x86 = Release|x86
	EndGlobalSection
	GlobalSection(ProjectConfigurationPlatforms) = postSolution
		{901A1C12-1D70-4464-A33F-FBBF974A99F5}.Debug|arm64.ActiveCfg = Debug|arm64
		{901A1C12-1D70-4464-A33F-FBBF974A99F5}.Debug|arm64.Build.0 = Debug|arm64
		{901A1C12-1D70-4464-A33F-FBBF974A99F5}.Debug|x64.ActiveCfg = Debug|x64
		{901A1C12-1D70-4464-A33F-FBBF974A99F5}.Debug|x64.Build.0 = Debug|x64
		{901A1C12-1D70-4464-A33F-FBBF974A99F5}.Debug|x86.ActiveCfg = Debug|x86
		{901A1C12-1D70-4464-A33F-FBBF974A99F5}.Debug|x86.Build.0 = Debug|x86
		{901A1C12-1D70-4464-A33F-FBBF974A99F5}.Release|arm64.ActiveCfg = Release|arm64
		{901A1C12-1D70-4464-A33F-FBBF974A99F5}.Release|arm64.Build.0 = Release|arm64
		{901A1C12-1D70-4464-A33F-FBBF974A99F5}.Release|x64.ActiveCfg = Release|x64
		{901A1C12-1D70-4464-A33F-FBBF974A99F5}.Release|x64.Build.0 = Release|x64
		{901A1C12-1D70-4464-A33F-FBBF974A99F5}.Release|x86.ActiveCfg = Release|x86
		{901A1C12-1D70-4464-A33F-FBBF974A99F5}.Release|x86.Build.0 = Release|x86
		{45FAAA2D-9FDD-42B5-8681-DA26ECE02351}.Debug|arm64.ActiveCfg = Debug|arm64
		{45FAAA2D-9FDD-42B5-8681-DA26ECE02351}.Debug|arm64.Build.0 = Debug|arm64
		{45FAAA2D-9FDD-42B5-8681-DA26ECE02351}.Debug|arm64.Deploy.0 = Debug|arm64
		{45FAAA2D-9FDD-42B5-8681-DA26ECE02351}.Debug|x64.ActiveCfg = Debug|x64
		{45FAAA2D-9FDD-42B5-8681-DA26ECE02351}.Debug|x64.Build.0 = Debug|x64
		{45FAAA2D-9FDD-42B5-8681-DA26ECE02351}.Debug|x64.Deploy.0 = Debug|x64
		{45FAAA2D-9FDD-42B5-8681-DA26ECE02351}.Debug|x86.ActiveCfg = Debug|x86
		{45FAAA2D-9FDD-42B5-8681-DA26ECE02351}.Debug|x86.Build.0 = Debug|x86
		{45FAAA2D-9FDD-42B5-8681-DA26ECE02351}.Debug|x86.Deploy.0 = Debug|x86
		{45FAAA2D-9FDD-42B5-8681-DA26ECE02351}.Release|arm64.ActiveCfg = Release|arm64
		{45FAAA2D-9FDD-42B5-8681-DA26ECE02351}.Release|arm64.Build.0 = Release|arm64
		{45FAAA2D-9FDD-42B5-8681-DA26ECE02351}.Release|arm64.Deploy.0 = Release|arm64
		{45FAAA2D-9FDD-42B5-8681-DA26ECE02351}.Release|x64.ActiveCfg = Release|x64
		{45FAAA2D-9FDD-42B5-8681-DA26ECE02351}.Release|x64.Build.0 = Release|x64
		{45FAAA2D-9FDD-42B5-8681-DA26ECE02351}.Release|x64.Deploy.0 = Release|x64
		{45FAAA2D-9FDD-42B5-8681-DA26ECE02351}.Release|x86.ActiveCfg = Release|x86
		{45FAAA2D-9FDD-42B5-8681-DA26ECE02351}.Release|x86.Build.0 = Release|x86
		{45FAAA2D-9FDD-42B5-8681-DA26ECE02351}.Release|x86.Deploy.0 = Release|x86
	EndGlobalSection
	GlobalSection(SolutionProperties) = preSolution
		HideSolutionNode = FALSE
	EndGlobalSection
	GlobalSection(ExtensibilityGlobals) = postSolution
		SolutionGuid = {4D37F3D3-77B8-4C12-B1CE-88C7BEC986D1}
	EndGlobalSection
EndGlobal
