
Microsoft Visual Studio Solution File, Format Version 12.00
# Visual Studio Version 16
VisualStudioVersion = 16.0.31025.218
MinimumVisualStudioVersion = 10.0.40219.1
Project("{9A19103F-16F7-4668-BE54-9A1E7A4F7556}") = "RecurringAppointment_Desktop", "RecurringAppointment_Desktop.csproj", "{A1BEAE41-4BD3-4536-81BB-BB8D8C426366}"
EndProject
Project("{C7167F0D-BC9F-4E6E-AFE1-012C56B48DB5}") = "RecurringAppointment_Desktop (Package)", "RecurringAppointment_Desktop\RecurringAppointment_Desktop (Package)\RecurringAppointment_Desktop (Package).wapproj", "{DFF9B63E-DCCA-4CFA-B2B0-39CB50D8A43E}"
EndProject
Global
	GlobalSection(SolutionConfigurationPlatforms) = preSolution
		Debug|arm64 = Debug|arm64
		Debug|x64 = Debug|x64
		Debug|x86 = Debug|x86
		Release|arm64 = Release|arm64
		Release|x64 = Release|x64
		Release|x86 = Release|x86
	EndGlobalSection
	GlobalSection(ProjectConfigurationPlatforms) = postSolution
		{A1BEAE41-4BD3-4536-81BB-BB8D8C426366}.Debug|arm64.ActiveCfg = Debug|arm64
		{A1BEAE41-4BD3-4536-81BB-BB8D8C426366}.Debug|arm64.Build.0 = Debug|arm64
		{A1BEAE41-4BD3-4536-81BB-BB8D8C426366}.Debug|x64.ActiveCfg = Debug|x64
		{A1BEAE41-4BD3-4536-81BB-BB8D8C426366}.Debug|x64.Build.0 = Debug|x64
		{A1BEAE41-4BD3-4536-81BB-BB8D8C426366}.Debug|x86.ActiveCfg = Debug|x86
		{A1BEAE41-4BD3-4536-81BB-BB8D8C426366}.Debug|x86.Build.0 = Debug|x86
		{A1BEAE41-4BD3-4536-81BB-BB8D8C426366}.Release|arm64.ActiveCfg = Release|arm64
		{A1BEAE41-4BD3-4536-81BB-BB8D8C426366}.Release|arm64.Build.0 = Release|arm64
		{A1BEAE41-4BD3-4536-81BB-BB8D8C426366}.Release|x64.ActiveCfg = Release|x64
		{A1BEAE41-4BD3-4536-81BB-BB8D8C426366}.Release|x64.Build.0 = Release|x64
		{A1BEAE41-4BD3-4536-81BB-BB8D8C426366}.Release|x86.ActiveCfg = Release|x86
		{A1BEAE41-4BD3-4536-81BB-BB8D8C426366}.Release|x86.Build.0 = Release|x86
		{DFF9B63E-DCCA-4CFA-B2B0-39CB50D8A43E}.Debug|arm64.ActiveCfg = Debug|arm64
		{DFF9B63E-DCCA-4CFA-B2B0-39CB50D8A43E}.Debug|arm64.Build.0 = Debug|arm64
		{DFF9B63E-DCCA-4CFA-B2B0-39CB50D8A43E}.Debug|arm64.Deploy.0 = Debug|arm64
		{DFF9B63E-DCCA-4CFA-B2B0-39CB50D8A43E}.Debug|x64.ActiveCfg = Debug|x64
		{DFF9B63E-DCCA-4CFA-B2B0-39CB50D8A43E}.Debug|x64.Build.0 = Debug|x64
		{DFF9B63E-DCCA-4CFA-B2B0-39CB50D8A43E}.Debug|x64.Deploy.0 = Debug|x64
		{DFF9B63E-DCCA-4CFA-B2B0-39CB50D8A43E}.Debug|x86.ActiveCfg = Debug|x86
		{DFF9B63E-DCCA-4CFA-B2B0-39CB50D8A43E}.Debug|x86.Build.0 = Debug|x86
		{DFF9B63E-DCCA-4CFA-B2B0-39CB50D8A43E}.Debug|x86.Deploy.0 = Debug|x86
		{DFF9B63E-DCCA-4CFA-B2B0-39CB50D8A43E}.Release|arm64.ActiveCfg = Release|arm64
		{DFF9B63E-DCCA-4CFA-B2B0-39CB50D8A43E}.Release|arm64.Build.0 = Release|arm64
		{DFF9B63E-DCCA-4CFA-B2B0-39CB50D8A43E}.Release|arm64.Deploy.0 = Release|arm64
		{DFF9B63E-DCCA-4CFA-B2B0-39CB50D8A43E}.Release|x64.ActiveCfg = Release|x64
		{DFF9B63E-DCCA-4CFA-B2B0-39CB50D8A43E}.Release|x64.Build.0 = Release|x64
		{DFF9B63E-DCCA-4CFA-B2B0-39CB50D8A43E}.Release|x64.Deploy.0 = Release|x64
		{DFF9B63E-DCCA-4CFA-B2B0-39CB50D8A43E}.Release|x86.ActiveCfg = Release|x86
		{DFF9B63E-DCCA-4CFA-B2B0-39CB50D8A43E}.Release|x86.Build.0 = Release|x86
		{DFF9B63E-DCCA-4CFA-B2B0-39CB50D8A43E}.Release|x86.Deploy.0 = Release|x86
	EndGlobalSection
	GlobalSection(SolutionProperties) = preSolution
		HideSolutionNode = FALSE
	EndGlobalSection
	GlobalSection(ExtensibilityGlobals) = postSolution
		SolutionGuid = {6FC066EC-AE14-457B-A63C-B5B21AF0C1CD}
	EndGlobalSection
EndGlobal
